// !$*UTF8*$!
{
	archiveVersion = 1;
	classes = {
	};
	objectVersion = 46;
	objects = {

/* Begin PBXBuildFile section */
		41367438193F9B41006B228B /* Foundation.framework in Frameworks */ = {isa = PBXBuildFile; fileRef = 41367437193F9B41006B228B /* Foundation.framework */; };
		4136743A193F9B41006B228B /* CoreGraphics.framework in Frameworks */ = {isa = PBXBuildFile; fileRef = 41367439193F9B41006B228B /* CoreGraphics.framework */; };
		4136743C193F9B41006B228B /* UIKit.framework in Frameworks */ = {isa = PBXBuildFile; fileRef = 4136743B193F9B41006B228B /* UIKit.framework */; };
		41367442193F9B41006B228B /* InfoPlist.strings in Resources */ = {isa = PBXBuildFile; fileRef = 41367440193F9B41006B228B /* InfoPlist.strings */; };
		41367444193F9B41006B228B /* main.m in Sources */ = {isa = PBXBuildFile; fileRef = 41367443193F9B41006B228B /* main.m */; };
		41367448193F9B41006B228B /* GitXcodeTest1AppDelegate.m in Sources */ = {isa = PBXBuildFile; fileRef = 41367447193F9B41006B228B /* GitXcodeTest1AppDelegate.m */; };
		4136744B193F9B41006B228B /* Main.storyboard in Resources */ = {isa = PBXBuildFile; fileRef = 41367449193F9B41006B228B /* Main.storyboard */; };
		4136744E193F9B41006B228B /* GitXcodeTest1ViewController.m in Sources */ = {isa = PBXBuildFile; fileRef = 4136744D193F9B41006B228B /* GitXcodeTest1ViewController.m */; };
		41367450193F9B41006B228B /* Images.xcassets in Resources */ = {isa = PBXBuildFile; fileRef = 4136744F193F9B41006B228B /* Images.xcassets */; };
		41367457193F9B41006B228B /* XCTest.framework in Frameworks */ = {isa = PBXBuildFile; fileRef = 41367456193F9B41006B228B /* XCTest.framework */; };
		41367458193F9B41006B228B /* Foundation.framework in Frameworks */ = {isa = PBXBuildFile; fileRef = 41367437193F9B41006B228B /* Foundation.framework */; };
		41367459193F9B41006B228B /* UIKit.framework in Frameworks */ = {isa = PBXBuildFile; fileRef = 4136743B193F9B41006B228B /* UIKit.framework */; };
		41367461193F9B41006B228B /* InfoPlist.strings in Resources */ = {isa = PBXBuildFile; fileRef = 4136745F193F9B41006B228B /* InfoPlist.strings */; };
		41367463193F9B41006B228B /* GitXcodeTest1Tests.m in Sources */ = {isa = PBXBuildFile; fileRef = 41367462193F9B41006B228B /* GitXcodeTest1Tests.m */; };
/* End PBXBuildFile section */

/* Begin PBXContainerItemProxy section */
		4136745A193F9B41006B228B /* PBXContainerItemProxy */ = {
			isa = PBXContainerItemProxy;
			containerPortal = 4136742C193F9B41006B228B /* Project object */;
			proxyType = 1;
			remoteGlobalIDString = 41367433193F9B41006B228B;
			remoteInfo = GitXcodeTest1;
		};
/* End PBXContainerItemProxy section */

/* Begin PBXFileReference section */
		41367434193F9B41006B228B /* GitXcodeTest1.app */ = {isa = PBXFileReference; explicitFileType = wrapper.application; includeInIndex = 0; path = GitXcodeTest1.app; sourceTree = BUILT_PRODUCTS_DIR; };
		41367437193F9B41006B228B /* Foundation.framework */ = {isa = PBXFileReference; lastKnownFileType = wrapper.framework; name = Foundation.framework; path = System/Library/Frameworks/Foundation.framework; sourceTree = SDKROOT; };
		41367439193F9B41006B228B /* CoreGraphics.framework */ = {isa = PBXFileReference; lastKnownFileType = wrapper.framework; name = CoreGraphics.framework; path = System/Library/Frameworks/CoreGraphics.framework; sourceTree = SDKROOT; };
		4136743B193F9B41006B228B /* UIKit.framework */ = {isa = PBXFileReference; lastKnownFileType = wrapper.framework; name = UIKit.framework; path = System/Library/Frameworks/UIKit.framework; sourceTree = SDKROOT; };
		4136743F193F9B41006B228B /* GitXcodeTest1-Info.plist */ = {isa = PBXFileReference; lastKnownFileType = text.plist.xml; path = "GitXcodeTest1-Info.plist"; sourceTree = "<group>"; };
		41367441193F9B41006B228B /* en */ = {isa = PBXFileReference; lastKnownFileType = text.plist.strings; name = en; path = en.lproj/InfoPlist.strings; sourceTree = "<group>"; };
		41367443193F9B41006B228B /* main.m */ = {isa = PBXFileReference; lastKnownFileType = sourcecode.c.objc; path = main.m; sourceTree = "<group>"; };
		41367445193F9B41006B228B /* GitXcodeTest1-Prefix.pch */ = {isa = PBXFileReference; lastKnownFileType = sourcecode.c.h; path = "GitXcodeTest1-Prefix.pch"; sourceTree = "<group>"; };
		41367446193F9B41006B228B /* GitXcodeTest1AppDelegate.h */ = {isa = PBXFileReference; lastKnownFileType = sourcecode.c.h; path = GitXcodeTest1AppDelegate.h; sourceTree = "<group>"; };
		41367447193F9B41006B228B /* GitXcodeTest1AppDelegate.m */ = {isa = PBXFileReference; lastKnownFileType = sourcecode.c.objc; path = GitXcodeTest1AppDelegate.m; sourceTree = "<group>"; };
		4136744A193F9B41006B228B /* Base */ = {isa = PBXFileReference; lastKnownFileType = file.storyboard; name = Base; path = Base.lproj/Main.storyboard; sourceTree = "<group>"; };
		4136744C193F9B41006B228B /* GitXcodeTest1ViewController.h */ = {isa = PBXFileReference; lastKnownFileType = sourcecode.c.h; path = GitXcodeTest1ViewController.h; sourceTree = "<group>"; };
		4136744D193F9B41006B228B /* GitXcodeTest1ViewController.m */ = {isa = PBXFileReference; lastKnownFileType = sourcecode.c.objc; path = GitXcodeTest1ViewController.m; sourceTree = "<group>"; };
		4136744F193F9B41006B228B /* Images.xcassets */ = {isa = PBXFileReference; lastKnownFileType = folder.assetcatalog; path = Images.xcassets; sourceTree = "<group>"; };
		41367455193F9B41006B228B /* GitXcodeTest1Tests.xctest */ = {isa = PBXFileReference; explicitFileType = wrapper.cfbundle; includeInIndex = 0; path = GitXcodeTest1Tests.xctest; sourceTree = BUILT_PRODUCTS_DIR; };
		41367456193F9B41006B228B /* XCTest.framework */ = {isa = PBXFileReference; lastKnownFileType = wrapper.framework; name = XCTest.framework; path = Library/Frameworks/XCTest.framework; sourceTree = DEVELOPER_DIR; };
		4136745E193F9B41006B228B /* GitXcodeTest1Tests-Info.plist */ = {isa = PBXFileReference; lastKnownFileType = text.plist.xml; path = "GitXcodeTest1Tests-Info.plist"; sourceTree = "<group>"; };
		41367460193F9B41006B228B /* en */ = {isa = PBXFileReference; lastKnownFileType = text.plist.strings; name = en; path = en.lproj/InfoPlist.strings; sourceTree = "<group>"; };
		41367462193F9B41006B228B /* GitXcodeTest1Tests.m */ = {isa = PBXFileReference; lastKnownFileType = sourcecode.c.objc; path = GitXcodeTest1Tests.m; sourceTree = "<group>"; };
/* End PBXFileReference section */

/* Begin PBXFrameworksBuildPhase section */
		41367431193F9B41006B228B /* Frameworks */ = {
			isa = PBXFrameworksBuildPhase;
			buildActionMask = 2147483647;
			files = (
				4136743A193F9B41006B228B /* CoreGraphics.framework in Frameworks */,
				4136743C193F9B41006B228B /* UIKit.framework in Frameworks */,
				41367438193F9B41006B228B /* Foundation.framework in Frameworks */,
			);
			runOnlyForDeploymentPostprocessing = 0;
		};
		41367452193F9B41006B228B /* Frameworks */ = {
			isa = PBXFrameworksBuildPhase;
			buildActionMask = 2147483647;
			files = (
				41367457193F9B41006B228B /* XCTest.framework in Frameworks */,
				41367459193F9B41006B228B /* UIKit.framework in Frameworks */,
				41367458193F9B41006B228B /* Foundation.framework in Frameworks */,
			);
			runOnlyForDeploymentPostprocessing = 0;
		};
/* End PBXFrameworksBuildPhase section */

/* Begin PBXGroup section */
		4136742B193F9B41006B228B = {
			isa = PBXGroup;
			children = (
				4136743D193F9B41006B228B /* GitXcodeTest1 */,
				4136745C193F9B41006B228B /* GitXcodeTest1Tests */,
				41367436193F9B41006B228B /* Frameworks */,
				41367435193F9B41006B228B /* Products */,
			);
			sourceTree = "<group>";
		};
		41367435193F9B41006B228B /* Products */ = {
			isa = PBXGroup;
			children = (
				41367434193F9B41006B228B /* GitXcodeTest1.app */,
				41367455193F9B41006B228B /* GitXcodeTest1Tests.xctest */,
			);
			name = Products;
			sourceTree = "<group>";
		};
		41367436193F9B41006B228B /* Frameworks */ = {
			isa = PBXGroup;
			children = (
				41367437193F9B41006B228B /* Foundation.framework */,
				41367439193F9B41006B228B /* CoreGraphics.framework */,
				4136743B193F9B41006B228B /* UIKit.framework */,
				41367456193F9B41006B228B /* XCTest.framework */,
			);
			name = Frameworks;
			sourceTree = "<group>";
		};
		4136743D193F9B41006B228B /* GitXcodeTest1 */ = {
			isa = PBXGroup;
			children = (
				41367446193F9B41006B228B /* GitXcodeTest1AppDelegate.h */,
				41367447193F9B41006B228B /* GitXcodeTest1AppDelegate.m */,
				41367449193F9B41006B228B /* Main.storyboard */,
				4136744C193F9B41006B228B /* GitXcodeTest1ViewController.h */,
				4136744D193F9B41006B228B /* GitXcodeTest1ViewController.m */,
				4136744F193F9B41006B228B /* Images.xcassets */,
				4136743E193F9B41006B228B /* Supporting Files */,
			);
			path = GitXcodeTest1;
			sourceTree = "<group>";
		};
		4136743E193F9B41006B228B /* Supporting Files */ = {
			isa = PBXGroup;
			children = (
				4136743F193F9B41006B228B /* GitXcodeTest1-Info.plist */,
				41367440193F9B41006B228B /* InfoPlist.strings */,
				41367443193F9B41006B228B /* main.m */,
				41367445193F9B41006B228B /* GitXcodeTest1-Prefix.pch */,
			);
			name = "Supporting Files";
			sourceTree = "<group>";
		};
		4136745C193F9B41006B228B /* GitXcodeTest1Tests */ = {
			isa = PBXGroup;
			children = (
				41367462193F9B41006B228B /* GitXcodeTest1Tests.m */,
				4136745D193F9B41006B228B /* Supporting Files */,
			);
			path = GitXcodeTest1Tests;
			sourceTree = "<group>";
		};
		4136745D193F9B41006B228B /* Supporting Files */ = {
			isa = PBXGroup;
			children = (
				4136745E193F9B41006B228B /* GitXcodeTest1Tests-Info.plist */,
				4136745F193F9B41006B228B /* InfoPlist.strings */,
			);
			name = "Supporting Files";
			sourceTree = "<group>";
		};
/* End PBXGroup section */

/* Begin PBXNativeTarget section */
		41367433193F9B41006B228B /* GitXcodeTest1 */ = {
			isa = PBXNativeTarget;
			buildConfigurationList = 41367466193F9B41006B228B /* Build configuration list for PBXNativeTarget "GitXcodeTest1" */;
			buildPhases = (
				41367430193F9B41006B228B /* Sources */,
				41367431193F9B41006B228B /* Frameworks */,
				41367432193F9B41006B228B /* Resources */,
			);
			buildRules = (
			);
			dependencies = (
			);
			name = GitXcodeTest1;
			productName = GitXcodeTest1;
			productReference = 41367434193F9B41006B228B /* GitXcodeTest1.app */;
			productType = "com.apple.product-type.application";
		};
		41367454193F9B41006B228B /* GitXcodeTest1Tests */ = {
			isa = PBXNativeTarget;
			buildConfigurationList = 41367469193F9B41006B228B /* Build configuration list for PBXNativeTarget "GitXcodeTest1Tests" */;
			buildPhases = (
				41367451193F9B41006B228B /* Sources */,
				41367452193F9B41006B228B /* Frameworks */,
				41367453193F9B41006B228B /* Resources */,
			);
			buildRules = (
			);
			dependencies = (
				4136745B193F9B41006B228B /* PBXTargetDependency */,
			);
			name = GitXcodeTest1Tests;
			productName = GitXcodeTest1Tests;
			productReference = 41367455193F9B41006B228B /* GitXcodeTest1Tests.xctest */;
			productType = "com.apple.product-type.bundle.unit-test";
		};
/* End PBXNativeTarget section */

/* Begin PBXProject section */
		4136742C193F9B41006B228B /* Project object */ = {
			isa = PBXProject;
			attributes = {
				CLASSPREFIX = GitXcodeTest1;
				LastUpgradeCheck = 0510;
				ORGANIZATIONNAME = "Jose Rafael Leon Bigio Anton";
				TargetAttributes = {
					41367454193F9B41006B228B = {
						TestTargetID = 41367433193F9B41006B228B;
					};
				};
			};
			buildConfigurationList = 4136742F193F9B41006B228B /* Build configuration list for PBXProject "GitXcodeTest1" */;
			compatibilityVersion = "Xcode 3.2";
			developmentRegion = English;
			hasScannedForEncodings = 0;
			knownRegions = (
				en,
				Base,
			);
			mainGroup = 4136742B193F9B41006B228B;
			productRefGroup = 41367435193F9B41006B228B /* Products */;
			projectDirPath = "";
			projectRoot = "";
			targets = (
				41367433193F9B41006B228B /* GitXcodeTest1 */,
				41367454193F9B41006B228B /* GitXcodeTest1Tests */,
			);
		};
/* End PBXProject section */

/* Begin PBXResourcesBuildPhase section */
		41367432193F9B41006B228B /* Resources */ = {
			isa = PBXResourcesBuildPhase;
			buildActionMask = 2147483647;
			files = (
				41367450193F9B41006B228B /* Images.xcassets in Resources */,
				41367442193F9B41006B228B /* InfoPlist.strings in Resources */,
				4136744B193F9B41006B228B /* Main.storyboard in Resources */,
			);
			runOnlyForDeploymentPostprocessing = 0;
		};
		41367453193F9B41006B228B /* Resources */ = {
			isa = PBXResourcesBuildPhase;
			buildActionMask = 2147483647;
			files = (
				41367461193F9B41006B228B /* InfoPlist.strings in Resources */,
			);
			runOnlyForDeploymentPostprocessing = 0;
		};
/* End PBXResourcesBuildPhase section */

/* Begin PBXSourcesBuildPhase section */
		41367430193F9B41006B228B /* Sources */ = {
			isa = PBXSourcesBuildPhase;
			buildActionMask = 2147483647;
			files = (
				41367444193F9B41006B228B /* main.m in Sources */,
				4136744E193F9B41006B228B /* GitXcodeTest1ViewController.m in Sources */,
				41367448193F9B41006B228B /* GitXcodeTest1AppDelegate.m in Sources */,
			);
			runOnlyForDeploymentPostprocessing = 0;
		};
		41367451193F9B41006B228B /* Sources */ = {
			isa = PBXSourcesBuildPhase;
			buildActionMask = 2147483647;
			files = (
				41367463193F9B41006B228B /* GitXcodeTest1Tests.m in Sources */,
			);
			runOnlyForDeploymentPostprocessing = 0;
		};
/* End PBXSourcesBuildPhase section */

/* Begin PBXTargetDependency section */
		4136745B193F9B41006B228B /* PBXTargetDependency */ = {
			isa = PBXTargetDependency;
			target = 41367433193F9B41006B228B /* GitXcodeTest1 */;
			targetProxy = 4136745A193F9B41006B228B /* PBXContainerItemProxy */;
		};
/* End PBXTargetDependency section */

/* Begin PBXVariantGroup section */
		41367440193F9B41006B228B /* InfoPlist.strings */ = {
			isa = PBXVariantGroup;
			children = (
				41367441193F9B41006B228B /* en */,
			);
			name = InfoPlist.strings;
			sourceTree = "<group>";
		};
		41367449193F9B41006B228B /* Main.storyboard */ = {
			isa = PBXVariantGroup;
			children = (
				4136744A193F9B41006B228B /* Base */,
			);
			name = Main.storyboard;
			sourceTree = "<group>";
		};
		4136745F193F9B41006B228B /* InfoPlist.strings */ = {
			isa = PBXVariantGroup;
			children = (
				41367460193F9B41006B228B /* en */,
			);
			name = InfoPlist.strings;
			sourceTree = "<group>";
		};
/* End PBXVariantGroup section */

/* Begin XCBuildConfiguration section */
		41367464193F9B41006B228B /* Debug */ = {
			isa = XCBuildConfiguration;
			buildSettings = {
				ALWAYS_SEARCH_USER_PATHS = NO;
				CLANG_CXX_LANGUAGE_STANDARD = "gnu++0x";
				CLANG_CXX_LIBRARY = "libc++";
				CLANG_ENABLE_MODULES = YES;
				CLANG_ENABLE_OBJC_ARC = YES;
				CLANG_WARN_BOOL_CONVERSION = YES;
				CLANG_WARN_CONSTANT_CONVERSION = YES;
				CLANG_WARN_DIRECT_OBJC_ISA_USAGE = YES_ERROR;
				CLANG_WARN_EMPTY_BODY = YES;
				CLANG_WARN_ENUM_CONVERSION = YES;
				CLANG_WARN_INT_CONVERSION = YES;
				CLANG_WARN_OBJC_ROOT_CLASS = YES_ERROR;
				CLANG_WARN__DUPLICATE_METHOD_MATCH = YES;
				"CODE_SIGN_IDENTITY[sdk=iphoneos*]" = "iPhone Developer";
				COPY_PHASE_STRIP = NO;
				GCC_C_LANGUAGE_STANDARD = gnu99;
				GCC_DYNAMIC_NO_PIC = NO;
				GCC_OPTIMIZATION_LEVEL = 0;
				GCC_PREPROCESSOR_DEFINITIONS = (
					"DEBUG=1",
					"$(inherited)",
				);
				GCC_SYMBOLS_PRIVATE_EXTERN = NO;
				GCC_WARN_64_TO_32_BIT_CONVERSION = YES;
				GCC_WARN_ABOUT_RETURN_TYPE = YES_ERROR;
				GCC_WARN_UNDECLARED_SELECTOR = YES;
				GCC_WARN_UNINITIALIZED_AUTOS = YES_AGGRESSIVE;
				GCC_WARN_UNUSED_FUNCTION = YES;
				GCC_WARN_UNUSED_VARIABLE = YES;
				IPHONEOS_DEPLOYMENT_TARGET = 7.1;
				ONLY_ACTIVE_ARCH = YES;
				SDKROOT = iphoneos;
			};
			name = Debug;
		};
		41367465193F9B41006B228B /* Release */ = {
			isa = XCBuildConfiguration;
			buildSettings = {
				ALWAYS_SEARCH_USER_PATHS = NO;
				CLANG_CXX_LANGUAGE_STANDARD = "gnu++0x";
				CLANG_CXX_LIBRARY = "libc++";
				CLANG_ENABLE_MODULES = YES;
				CLANG_ENABLE_OBJC_ARC = YES;
				CLANG_WARN_BOOL_CONVERSION = YES;
				CLANG_WARN_CONSTANT_CONVERSION = YES;
				CLANG_WARN_DIRECT_OBJC_ISA_USAGE = YES_ERROR;
				CLANG_WARN_EMPTY_BODY = YES;
				CLANG_WARN_ENUM_CONVERSION = YES;
				CLANG_WARN_INT_CONVERSION = YES;
				CLANG_WARN_OBJC_ROOT_CLASS = YES_ERROR;
				CLANG_WARN__DUPLICATE_METHOD_MATCH = YES;
				"CODE_SIGN_IDENTITY[sdk=iphoneos*]" = "iPhone Developer";
				COPY_PHASE_STRIP = YES;
				ENABLE_NS_ASSERTIONS = NO;
				GCC_C_LANGUAGE_STANDARD = gnu99;
				GCC_WARN_64_TO_32_BIT_CONVERSION = YES;
				GCC_WARN_ABOUT_RETURN_TYPE = YES_ERROR;
				GCC_WARN_UNDECLARED_SELECTOR = YES;
				GCC_WARN_UNINITIALIZED_AUTOS = YES_AGGRESSIVE;
				GCC_WARN_UNUSED_FUNCTION = YES;
				GCC_WARN_UNUSED_VARIABLE = YES;
				IPHONEOS_DEPLOYMENT_TARGET = 7.1;
				SDKROOT = iphoneos;
				VALIDATE_PRODUCT = YES;
			};
			name = Release;
		};
		41367467193F9B41006B228B /* Debug */ = {
			isa = XCBuildConfiguration;
			buildSettings = {
				ASSETCATALOG_COMPILER_APPICON_NAME = AppIcon;
				ASSETCATALOG_COMPILER_LAUNCHIMAGE_NAME = LaunchImage;
				GCC_PRECOMPILE_PREFIX_HEADER = YES;
				GCC_PREFIX_HEADER = "GitXcodeTest1/GitXcodeTest1-Prefix.pch";
				INFOPLIST_FILE = "GitXcodeTest1/GitXcodeTest1-Info.plist";
				PRODUCT_NAME = "$(TARGET_NAME)";
				WRAPPER_EXTENSION = app;
			};
			name = Debug;
		};
		41367468193F9B41006B228B /* Release */ = {
			isa = XCBuildConfiguration;
			buildSettings = {
				ASSETCATALOG_COMPILER_APPICON_NAME = AppIcon;
				ASSETCATALOG_COMPILER_LAUNCHIMAGE_NAME = LaunchImage;
				GCC_PRECOMPILE_PREFIX_HEADER = YES;
				GCC_PREFIX_HEADER = "GitXcodeTest1/GitXcodeTest1-Prefix.pch";
				INFOPLIST_FILE = "GitXcodeTest1/GitXcodeTest1-Info.plist";
				PRODUCT_NAME = "$(TARGET_NAME)";
				WRAPPER_EXTENSION = app;
			};
			name = Release;
		};
		4136746A193F9B41006B228B /* Debug */ = {
			isa = XCBuildConfiguration;
			buildSettings = {
				BUNDLE_LOADER = "$(BUILT_PRODUCTS_DIR)/GitXcodeTest1.app/GitXcodeTest1";
				FRAMEWORK_SEARCH_PATHS = (
					"$(SDKROOT)/Developer/Library/Frameworks",
					"$(inherited)",
					"$(DEVELOPER_FRAMEWORKS_DIR)",
				);
				GCC_PRECOMPILE_PREFIX_HEADER = YES;
				GCC_PREFIX_HEADER = "GitXcodeTest1/GitXcodeTest1-Prefix.pch";
				GCC_PREPROCESSOR_DEFINITIONS = (
					"DEBUG=1",
					"$(inherited)",
				);
				INFOPLIST_FILE = "GitXcodeTest1Tests/GitXcodeTest1Tests-Info.plist";
				PRODUCT_NAME = "$(TARGET_NAME)";
				TEST_HOST = "$(BUNDLE_LOADER)";
				WRAPPER_EXTENSION = xctest;
			};
			name = Debug;
		};
		4136746B193F9B41006B228B /* Release */ = {
			isa = XCBuildConfiguration;
			buildSettings = {
				BUNDLE_LOADER = "$(BUILT_PRODUCTS_DIR)/GitXcodeTest1.app/GitXcodeTest1";
				FRAMEWORK_SEARCH_PATHS = (
					"$(SDKROOT)/Developer/Library/Frameworks",
					"$(inherited)",
					"$(DEVELOPER_FRAMEWORKS_DIR)",
				);
				GCC_PRECOMPILE_PREFIX_HEADER = YES;
				GCC_PREFIX_HEADER = "GitXcodeTest1/GitXcodeTest1-Prefix.pch";
				INFOPLIST_FILE = "GitXcodeTest1Tests/GitXcodeTest1Tests-Info.plist";
				PRODUCT_NAME = "$(TARGET_NAME)";
				TEST_HOST = "$(BUNDLE_LOADER)";
				WRAPPER_EXTENSION = xctest;
			};
			name = Release;
		};
/* End XCBuildConfiguration section */

/* Begin XCConfigurationList section */
		4136742F193F9B41006B228B /* Build configuration list for PBXProject "GitXcodeTest1" */ = {
			isa = XCConfigurationList;
			buildConfigurations = (
				41367464193F9B41006B228B /* Debug */,
				41367465193F9B41006B228B /* Release */,
			);
			defaultConfigurationIsVisible = 0;
			defaultConfigurationName = Release;
		};
		41367466193F9B41006B228B /* Build configuration list for PBXNativeTarget "GitXcodeTest1" */ = {
			isa = XCConfigurationList;
			buildConfigurations = (
				41367467193F9B41006B228B /* Debug */,
				41367468193F9B41006B228B /* Release */,
			);
			defaultConfigurationIsVisible = 0;
		};
		41367469193F9B41006B228B /* Build configuration list for PBXNativeTarget "GitXcodeTest1Tests" */ = {
			isa = XCConfigurationList;
			buildConfigurations = (
				4136746A193F9B41006B228B /* Debug */,
				4136746B193F9B41006B228B /* Release */,
			);
			defaultConfigurationIsVisible = 0;
		};
/* End XCConfigurationList section */
	};
	rootObject = 4136742C193F9B41006B228B /* Project object */;
}
